{
  "version": "4",
  "specifiers": {
    "jsr:@kazupon/gunshi@0.18": "0.18.0",
    "npm:args-tokens@~0.16.2": "0.16.2"
  },
  "jsr": {
    "@kazupon/gunshi@0.18.0": {
      "integrity": "abea7d18ff3ccd39c41dc320ea208e25f629b722ca7ea6d92ed5bbdf755e0ffc",
      "dependencies": [
        "npm:args-tokens"
      ]
    }
  },
  "npm": {
    "args-tokens@0.16.2": {
      "integrity": "sha512-jWJC6T4FjLssDxBPb/05+e/3xt3CkNiZWWNZaWpN5Q4dI7CZDZgO/2WxLM/ippwRnT1jm/ZZ8LSsV73MSwiGEQ=="
    }
  },
  "workspace": {
    "dependencies": [
      "jsr:@kazupon/gunshi@0.18"
    ]
  }
}
