{
  "version": "4",
  "specifiers": {
    "jsr:@kazupon/gunshi@~0.6.1": "0.6.1",
    "npm:args-tokens@~0.10.2": "0.10.2"
  },
  "jsr": {
    "@kazupon/gunshi@0.6.1": {
      "integrity": "249bc87276e25015a67eaa8084b52ab2ab1e33d21b11dbb9e1fe900871577c70",
      "dependencies": [
        "npm:args-tokens"
      ]
    }
  },
  "npm": {
    "args-tokens@0.10.2": {
      "integrity": "sha512-TmoGNFG7kH0o1z6WykoM0AkQrSTNUR52QcZdXAfugZUvhtiAv6q9ciiASwpwU7uR1IY/8U80QYwNry5ysuMdLA=="
    }
  },
  "workspace": {
    "dependencies": [
      "jsr:@kazupon/gunshi@~0.6.1"
    ]
  }
}
